
Microsoft Visual Studio Solution File, Format Version 12.00
# Visual Studio Version 16
VisualStudioVersion = 16.0.29613.14
MinimumVisualStudioVersion = 10.0.40219.1
Project("{FAE04EC0-301F-11D3-BF4B-00C04F79EFBC}") = "DaveTV.UWP", "DaveTV\DaveTV.UWP\DaveTV.UWP.csproj", "{5108DC35-DAE2-4B89-9B4C-4977B4CA3E50}"
EndProject
Project("{FAE04EC0-301F-11D3-BF4B-00C04F79EFBC}") = "DaveTV.Android", "DaveTV\DaveTV.Android\DaveTV.Android.csproj", "{304090C0-2EB2-4CF5-A226-696DEA3526B4}"
EndProject
Project("{FAE04EC0-301F-11D3-BF4B-00C04F79EFBC}") = "DaveTV.iOS", "DaveTV\DaveTV.iOS\DaveTV.iOS.csproj", "{A621B5FF-CF38-4DED-80C1-281BDCD31062}"
EndProject
Project("{FAE04EC0-301F-11D3-BF4B-00C04F79EFBC}") = "DaveTV", "DaveTV\DaveTV\DaveTV.csproj", "{C053B960-ADC4-471C-B94F-939FF89FF573}"
EndProject
Global
	GlobalSection(SolutionConfigurationPlatforms) = preSolution
		Debug|Any CPU = Debug|Any CPU
		Debug|ARM = Debug|ARM
		Debug|iPhone = Debug|iPhone
		Debug|iPhoneSimulator = Debug|iPhoneSimulator
		Debug|x64 = Debug|x64
		Debug|x86 = Debug|x86
		Release|Any CPU = Release|Any CPU
		Release|ARM = Release|ARM
		Release|iPhone = Release|iPhone
		Release|iPhoneSimulator = Release|iPhoneSimulator
		Release|x64 = Release|x64
		Release|x86 = Release|x86
	EndGlobalSection
	GlobalSection(ProjectConfigurationPlatforms) = postSolution
		{5108DC35-DAE2-4B89-9B4C-4977B4CA3E50}.Debug|Any CPU.ActiveCfg = Debug|x86
		{5108DC35-DAE2-4B89-9B4C-4977B4CA3E50}.Debug|Any CPU.Build.0 = Debug|x86
		{5108DC35-DAE2-4B89-9B4C-4977B4CA3E50}.Debug|Any CPU.Deploy.0 = Debug|x86
		{5108DC35-DAE2-4B89-9B4C-4977B4CA3E50}.Debug|ARM.ActiveCfg = Debug|ARM
		{5108DC35-DAE2-4B89-9B4C-4977B4CA3E50}.Debug|ARM.Build.0 = Debug|ARM
		{5108DC35-DAE2-4B89-9B4C-4977B4CA3E50}.Debug|ARM.Deploy.0 = Debug|ARM
		{5108DC35-DAE2-4B89-9B4C-4977B4CA3E50}.Debug|iPhone.ActiveCfg = Debug|x86
		{5108DC35-DAE2-4B89-9B4C-4977B4CA3E50}.Debug|iPhone.Build.0 = Debug|x86
		{5108DC35-DAE2-4B89-9B4C-4977B4CA3E50}.Debug|iPhone.Deploy.0 = Debug|x86
		{5108DC35-DAE2-4B89-9B4C-4977B4CA3E50}.Debug|iPhoneSimulator.ActiveCfg = Debug|x86
		{5108DC35-DAE2-4B89-9B4C-4977B4CA3E50}.Debug|iPhoneSimulator.Build.0 = Debug|x86
		{5108DC35-DAE2-4B89-9B4C-4977B4CA3E50}.Debug|iPhoneSimulator.Deploy.0 = Debug|x86
		{5108DC35-DAE2-4B89-9B4C-4977B4CA3E50}.Debug|x64.ActiveCfg = Debug|x64
		{5108DC35-DAE2-4B89-9B4C-4977B4CA3E50}.Debug|x64.Build.0 = Debug|x64
		{5108DC35-DAE2-4B89-9B4C-4977B4CA3E50}.Debug|x64.Deploy.0 = Debug|x64
		{5108DC35-DAE2-4B89-9B4C-4977B4CA3E50}.Debug|x86.ActiveCfg = Debug|x86
		{5108DC35-DAE2-4B89-9B4C-4977B4CA3E50}.Debug|x86.Build.0 = Debug|x86
		{5108DC35-DAE2-4B89-9B4C-4977B4CA3E50}.Debug|x86.Deploy.0 = Debug|x86
		{5108DC35-DAE2-4B89-9B4C-4977B4CA3E50}.Release|Any CPU.ActiveCfg = Release|x86
		{5108DC35-DAE2-4B89-9B4C-4977B4CA3E50}.Release|Any CPU.Build.0 = Release|x86
		{5108DC35-DAE2-4B89-9B4C-4977B4CA3E50}.Release|Any CPU.Deploy.0 = Release|x86
		{5108DC35-DAE2-4B89-9B4C-4977B4CA3E50}.Release|ARM.ActiveCfg = Release|ARM
		{5108DC35-DAE2-4B89-9B4C-4977B4CA3E50}.Release|ARM.Build.0 = Release|ARM
		{5108DC35-DAE2-4B89-9B4C-4977B4CA3E50}.Release|ARM.Deploy.0 = Release|ARM
		{5108DC35-DAE2-4B89-9B4C-4977B4CA3E50}.Release|iPhone.ActiveCfg = Release|x86
		{5108DC35-DAE2-4B89-9B4C-4977B4CA3E50}.Release|iPhone.Build.0 = Release|x86
		{5108DC35-DAE2-4B89-9B4C-4977B4CA3E50}.Release|iPhone.Deploy.0 = Release|x86
		{5108DC35-DAE2-4B89-9B4C-4977B4CA3E50}.Release|iPhoneSimulator.ActiveCfg = Release|x86
		{5108DC35-DAE2-4B89-9B4C-4977B4CA3E50}.Release|iPhoneSimulator.Build.0 = Release|x86
		{5108DC35-DAE2-4B89-9B4C-4977B4CA3E50}.Release|iPhoneSimulator.Deploy.0 = Release|x86
		{5108DC35-DAE2-4B89-9B4C-4977B4CA3E50}.Release|x64.ActiveCfg = Release|x64
		{5108DC35-DAE2-4B89-9B4C-4977B4CA3E50}.Release|x64.Build.0 = Release|x64
		{5108DC35-DAE2-4B89-9B4C-4977B4CA3E50}.Release|x64.Deploy.0 = Release|x64
		{5108DC35-DAE2-4B89-9B4C-4977B4CA3E50}.Release|x86.ActiveCfg = Release|x86
		{5108DC35-DAE2-4B89-9B4C-4977B4CA3E50}.Release|x86.Build.0 = Release|x86
		{5108DC35-DAE2-4B89-9B4C-4977B4CA3E50}.Release|x86.Deploy.0 = Release|x86
		{304090C0-2EB2-4CF5-A226-696DEA3526B4}.Debug|Any CPU.ActiveCfg = Debug|Any CPU
		{304090C0-2EB2-4CF5-A226-696DEA3526B4}.Debug|Any CPU.Build.0 = Debug|Any CPU
		{304090C0-2EB2-4CF5-A226-696DEA3526B4}.Debug|Any CPU.Deploy.0 = Debug|Any CPU
		{304090C0-2EB2-4CF5-A226-696DEA3526B4}.Debug|ARM.ActiveCfg = Debug|Any CPU
		{304090C0-2EB2-4CF5-A226-696DEA3526B4}.Debug|ARM.Build.0 = Debug|Any CPU
		{304090C0-2EB2-4CF5-A226-696DEA3526B4}.Debug|ARM.Deploy.0 = Debug|Any CPU
		{304090C0-2EB2-4CF5-A226-696DEA3526B4}.Debug|iPhone.ActiveCfg = Debug|Any CPU
		{304090C0-2EB2-4CF5-A226-696DEA3526B4}.Debug|iPhone.Build.0 = Debug|Any CPU
		{304090C0-2EB2-4CF5-A226-696DEA3526B4}.Debug|iPhone.Deploy.0 = Debug|Any CPU
		{304090C0-2EB2-4CF5-A226-696DEA3526B4}.Debug|iPhoneSimulator.ActiveCfg = Debug|Any CPU
		{304090C0-2EB2-4CF5-A226-696DEA3526B4}.Debug|iPhoneSimulator.Build.0 = Debug|Any CPU
		{304090C0-2EB2-4CF5-A226-696DEA3526B4}.Debug|iPhoneSimulator.Deploy.0 = Debug|Any CPU
		{304090C0-2EB2-4CF5-A226-696DEA3526B4}.Debug|x64.ActiveCfg = Debug|Any CPU
		{304090C0-2EB2-4CF5-A226-696DEA3526B4}.Debug|x64.Build.0 = Debug|Any CPU
		{304090C0-2EB2-4CF5-A226-696DEA3526B4}.Debug|x64.Deploy.0 = Debug|Any CPU
		{304090C0-2EB2-4CF5-A226-696DEA3526B4}.Debug|x86.ActiveCfg = Debug|Any CPU
		{304090C0-2EB2-4CF5-A226-696DEA3526B4}.Debug|x86.Build.0 = Debug|Any CPU
		{304090C0-2EB2-4CF5-A226-696DEA3526B4}.Debug|x86.Deploy.0 = Debug|Any CPU
		{304090C0-2EB2-4CF5-A226-696DEA3526B4}.Release|Any CPU.ActiveCfg = Release|Any CPU
		{304090C0-2EB2-4CF5-A226-696DEA3526B4}.Release|Any CPU.Build.0 = Release|Any CPU
		{304090C0-2EB2-4CF5-A226-696DEA3526B4}.Release|Any CPU.Deploy.0 = Release|Any CPU
		{304090C0-2EB2-4CF5-A226-696DEA3526B4}.Release|ARM.ActiveCfg = Release|Any CPU
		{304090C0-2EB2-4CF5-A226-696DEA3526B4}.Release|ARM.Build.0 = Release|Any CPU
		{304090C0-2EB2-4CF5-A226-696DEA3526B4}.Release|ARM.Deploy.0 = Release|Any CPU
		{304090C0-2EB2-4CF5-A226-696DEA3526B4}.Release|iPhone.ActiveCfg = Release|Any CPU
		{304090C0-2EB2-4CF5-A226-696DEA3526B4}.Release|iPhone.Build.0 = Release|Any CPU
		{304090C0-2EB2-4CF5-A226-696DEA3526B4}.Release|iPhone.Deploy.0 = Release|Any CPU
		{304090C0-2EB2-4CF5-A226-696DEA3526B4}.Release|iPhoneSimulator.ActiveCfg = Release|Any CPU
		{304090C0-2EB2-4CF5-A226-696DEA3526B4}.Release|iPhoneSimulator.Build.0 = Release|Any CPU
		{304090C0-2EB2-4CF5-A226-696DEA3526B4}.Release|iPhoneSimulator.Deploy.0 = Release|Any CPU
		{304090C0-2EB2-4CF5-A226-696DEA3526B4}.Release|x64.ActiveCfg = Release|Any CPU
		{304090C0-2EB2-4CF5-A226-696DEA3526B4}.Release|x64.Build.0 = Release|Any CPU
		{304090C0-2EB2-4CF5-A226-696DEA3526B4}.Release|x64.Deploy.0 = Release|Any CPU
		{304090C0-2EB2-4CF5-A226-696DEA3526B4}.Release|x86.ActiveCfg = Release|Any CPU
		{304090C0-2EB2-4CF5-A226-696DEA3526B4}.Release|x86.Build.0 = Release|Any CPU
		{304090C0-2EB2-4CF5-A226-696DEA3526B4}.Release|x86.Deploy.0 = Release|Any CPU
		{A621B5FF-CF38-4DED-80C1-281BDCD31062}.Debug|Any CPU.ActiveCfg = Debug|iPhone
		{A621B5FF-CF38-4DED-80C1-281BDCD31062}.Debug|Any CPU.Build.0 = Debug|iPhone
		{A621B5FF-CF38-4DED-80C1-281BDCD31062}.Debug|Any CPU.Deploy.0 = Debug|iPhone
		{A621B5FF-CF38-4DED-80C1-281BDCD31062}.Debug|ARM.ActiveCfg = Debug|iPhoneSimulator
		{A621B5FF-CF38-4DED-80C1-281BDCD31062}.Debug|ARM.Build.0 = Debug|iPhoneSimulator
		{A621B5FF-CF38-4DED-80C1-281BDCD31062}.Debug|ARM.Deploy.0 = Debug|iPhoneSimulator
		{A621B5FF-CF38-4DED-80C1-281BDCD31062}.Debug|iPhone.ActiveCfg = Debug|iPhone
		{A621B5FF-CF38-4DED-80C1-281BDCD31062}.Debug|iPhone.Build.0 = Debug|iPhone
		{A621B5FF-CF38-4DED-80C1-281BDCD31062}.Debug|iPhone.Deploy.0 = Debug|iPhone
		{A621B5FF-CF38-4DED-80C1-281BDCD31062}.Debug|iPhoneSimulator.ActiveCfg = Debug|iPhoneSimulator
		{A621B5FF-CF38-4DED-80C1-281BDCD31062}.Debug|iPhoneSimulator.Build.0 = Debug|iPhoneSimulator
		{A621B5FF-CF38-4DED-80C1-281BDCD31062}.Debug|iPhoneSimulator.Deploy.0 = Debug|iPhoneSimulator
		{A621B5FF-CF38-4DED-80C1-281BDCD31062}.Debug|x64.ActiveCfg = Debug|iPhone
		{A621B5FF-CF38-4DED-80C1-281BDCD31062}.Debug|x64.Build.0 = Debug|iPhone
		{A621B5FF-CF38-4DED-80C1-281BDCD31062}.Debug|x64.Deploy.0 = Debug|iPhone
		{A621B5FF-CF38-4DED-80C1-281BDCD31062}.Debug|x86.ActiveCfg = Debug|iPhone
		{A621B5FF-CF38-4DED-80C1-281BDCD31062}.Debug|x86.Build.0 = Debug|iPhone
		{A621B5FF-CF38-4DED-80C1-281BDCD31062}.Debug|x86.Deploy.0 = Debug|iPhone
		{A621B5FF-CF38-4DED-80C1-281BDCD31062}.Release|Any CPU.ActiveCfg = Release|iPhone
		{A621B5FF-CF38-4DED-80C1-281BDCD31062}.Release|Any CPU.Build.0 = Release|iPhone
		{A621B5FF-CF38-4DED-80C1-281BDCD31062}.Release|Any CPU.Deploy.0 = Release|iPhone
		{A621B5FF-CF38-4DED-80C1-281BDCD31062}.Release|ARM.ActiveCfg = Release|iPhone
		{A621B5FF-CF38-4DED-80C1-281BDCD31062}.Release|ARM.Build.0 = Release|iPhone
		{A621B5FF-CF38-4DED-80C1-281BDCD31062}.Release|ARM.Deploy.0 = Release|iPhone
		{A621B5FF-CF38-4DED-80C1-281BDCD31062}.Release|iPhone.ActiveCfg = Release|iPhone
		{A621B5FF-CF38-4DED-80C1-281BDCD31062}.Release|iPhone.Build.0 = Release|iPhone
		{A621B5FF-CF38-4DED-80C1-281BDCD31062}.Release|iPhone.Deploy.0 = Release|iPhone
		{A621B5FF-CF38-4DED-80C1-281BDCD31062}.Release|iPhoneSimulator.ActiveCfg = Release|iPhoneSimulator
		{A621B5FF-CF38-4DED-80C1-281BDCD31062}.Release|iPhoneSimulator.Build.0 = Release|iPhoneSimulator
		{A621B5FF-CF38-4DED-80C1-281BDCD31062}.Release|iPhoneSimulator.Deploy.0 = Release|iPhoneSimulator
		{A621B5FF-CF38-4DED-80C1-281BDCD31062}.Release|x64.ActiveCfg = Release|iPhone
		{A621B5FF-CF38-4DED-80C1-281BDCD31062}.Release|x64.Build.0 = Release|iPhone
		{A621B5FF-CF38-4DED-80C1-281BDCD31062}.Release|x64.Deploy.0 = Release|iPhone
		{A621B5FF-CF38-4DED-80C1-281BDCD31062}.Release|x86.ActiveCfg = Release|iPhone
		{A621B5FF-CF38-4DED-80C1-281BDCD31062}.Release|x86.Build.0 = Release|iPhone
		{A621B5FF-CF38-4DED-80C1-281BDCD31062}.Release|x86.Deploy.0 = Release|iPhone
		{C053B960-ADC4-471C-B94F-939FF89FF573}.Debug|Any CPU.ActiveCfg = Debug|Any CPU
		{C053B960-ADC4-471C-B94F-939FF89FF573}.Debug|Any CPU.Build.0 = Debug|Any CPU
		{C053B960-ADC4-471C-B94F-939FF89FF573}.Debug|Any CPU.Deploy.0 = Debug|Any CPU
		{C053B960-ADC4-471C-B94F-939FF89FF573}.Debug|ARM.ActiveCfg = Debug|Any CPU
		{C053B960-ADC4-471C-B94F-939FF89FF573}.Debug|ARM.Build.0 = Debug|Any CPU
		{C053B960-ADC4-471C-B94F-939FF89FF573}.Debug|ARM.Deploy.0 = Debug|Any CPU
		{C053B960-ADC4-471C-B94F-939FF89FF573}.Debug|iPhone.ActiveCfg = Debug|Any CPU
		{C053B960-ADC4-471C-B94F-939FF89FF573}.Debug|iPhone.Build.0 = Debug|Any CPU
		{C053B960-ADC4-471C-B94F-939FF89FF573}.Debug|iPhone.Deploy.0 = Debug|Any CPU
		{C053B960-ADC4-471C-B94F-939FF89FF573}.Debug|iPhoneSimulator.ActiveCfg = Debug|Any CPU
		{C053B960-ADC4-471C-B94F-939FF89FF573}.Debug|iPhoneSimulator.Build.0 = Debug|Any CPU
		{C053B960-ADC4-471C-B94F-939FF89FF573}.Debug|iPhoneSimulator.Deploy.0 = Debug|Any CPU
		{C053B960-ADC4-471C-B94F-939FF89FF573}.Debug|x64.ActiveCfg = Debug|Any CPU
		{C053B960-ADC4-471C-B94F-939FF89FF573}.Debug|x64.Build.0 = Debug|Any CPU
		{C053B960-ADC4-471C-B94F-939FF89FF573}.Debug|x64.Deploy.0 = Debug|Any CPU
		{C053B960-ADC4-471C-B94F-939FF89FF573}.Debug|x86.ActiveCfg = Debug|Any CPU
		{C053B960-ADC4-471C-B94F-939FF89FF573}.Debug|x86.Build.0 = Debug|Any CPU
		{C053B960-ADC4-471C-B94F-939FF89FF573}.Debug|x86.Deploy.0 = Debug|Any CPU
		{C053B960-ADC4-471C-B94F-939FF89FF573}.Release|Any CPU.ActiveCfg = Release|Any CPU
		{C053B960-ADC4-471C-B94F-939FF89FF573}.Release|Any CPU.Build.0 = Release|Any CPU
		{C053B960-ADC4-471C-B94F-939FF89FF573}.Release|Any CPU.Deploy.0 = Release|Any CPU
		{C053B960-ADC4-471C-B94F-939FF89FF573}.Release|ARM.ActiveCfg = Release|Any CPU
		{C053B960-ADC4-471C-B94F-939FF89FF573}.Release|ARM.Build.0 = Release|Any CPU
		{C053B960-ADC4-471C-B94F-939FF89FF573}.Release|ARM.Deploy.0 = Release|Any CPU
		{C053B960-ADC4-471C-B94F-939FF89FF573}.Release|iPhone.ActiveCfg = Release|Any CPU
		{C053B960-ADC4-471C-B94F-939FF89FF573}.Release|iPhone.Build.0 = Release|Any CPU
		{C053B960-ADC4-471C-B94F-939FF89FF573}.Release|iPhone.Deploy.0 = Release|Any CPU
		{C053B960-ADC4-471C-B94F-939FF89FF573}.Release|iPhoneSimulator.ActiveCfg = Release|Any CPU
		{C053B960-ADC4-471C-B94F-939FF89FF573}.Release|iPhoneSimulator.Build.0 = Release|Any CPU
		{C053B960-ADC4-471C-B94F-939FF89FF573}.Release|iPhoneSimulator.Deploy.0 = Release|Any CPU
		{C053B960-ADC4-471C-B94F-939FF89FF573}.Release|x64.ActiveCfg = Release|Any CPU
		{C053B960-ADC4-471C-B94F-939FF89FF573}.Release|x64.Build.0 = Release|Any CPU
		{C053B960-ADC4-471C-B94F-939FF89FF573}.Release|x64.Deploy.0 = Release|Any CPU
		{C053B960-ADC4-471C-B94F-939FF89FF573}.Release|x86.ActiveCfg = Release|Any CPU
		{C053B960-ADC4-471C-B94F-939FF89FF573}.Release|x86.Build.0 = Release|Any CPU
		{C053B960-ADC4-471C-B94F-939FF89FF573}.Release|x86.Deploy.0 = Release|Any CPU
	EndGlobalSection
	GlobalSection(SolutionProperties) = preSolution
		HideSolutionNode = FALSE
	EndGlobalSection
	GlobalSection(ExtensibilityGlobals) = postSolution
		SolutionGuid = {9FBD6E5C-D00D-4AF1-A23B-3E8D0BEF1120}
	EndGlobalSection
EndGlobal
